
Microsoft Visual Studio Solution File, Format Version 12.00
# Visual Studio Version 16
VisualStudioVersion = 16.0.31005.135
MinimumVisualStudioVersion = 10.0.40219.1
Project("{9A19103F-16F7-4668-BE54-9A1E7A4F7556}") = "InventoryTransactions.Api", "InventoryTransactions.Api\InventoryTransactions.Api.csproj", "{3B1D50E6-04D4-4707-959C-F6612A189885}"
EndProject
Project("{9A19103F-16F7-4668-BE54-9A1E7A4F7556}") = "InventoryTransactions.Domain", "InventoryTranasctions.Core\InventoryTransactions.Domain.csproj", "{7BB9C375-ABAF-4208-9FF9-9C8FA34498D8}"
EndProject
Project("{9A19103F-16F7-4668-BE54-9A1E7A4F7556}") = "InventoryTransactions.Infrastructure", "InventoryTransactions.Infrastructure\InventoryTransactions.Infrastructure.csproj", "{FEB1EE59-65BB-44D1-9A6D-E433EA2D8894}"
EndProject
Project("{9A19103F-16F7-4668-BE54-9A1E7A4F7556}") = "InventoryTransactions.Application", "InventoryTransactions.Application\InventoryTransactions.Application.csproj", "{4E45372B-3A67-496D-996D-52802DAF43B7}"
EndProject
Project("{2150E333-8FDC-42A3-9474-1A3956D46DE8}") = "Microservices", "Microservices", "{FB4D1A02-F6E8-4347-A448-7E8A2611E256}"
EndProject
Project("{2150E333-8FDC-42A3-9474-1A3956D46DE8}") = "Shared", "Shared", "{A32DD34E-AFBE-496A-BFB1-4E327B43D441}"
EndProject
Project("{9A19103F-16F7-4668-BE54-9A1E7A4F7556}") = "Marketplace.Core", "Marketplace.Core\Marketplace.Core.csproj", "{95774552-B752-4924-ACFA-D208941D46E4}"
EndProject
Project("{2150E333-8FDC-42A3-9474-1A3956D46DE8}") = "Tests", "Tests", "{A85CBFB2-AA23-4DF5-B431-104BFB80A9B2}"
EndProject
Project("{2150E333-8FDC-42A3-9474-1A3956D46DE8}") = "InventoryTransactionTests", "InventoryTransactionTests", "{54EEEFED-0CBA-40FC-A199-89B88ECBD82A}"
EndProject
Project("{FAE04EC0-301F-11D3-BF4B-00C04F79EFBC}") = "InventoryTransactions.Tests", "InventoryTransactions.Tests\InventoryTransactions.Tests.csproj", "{CE4E2CFE-7C90-4484-A00B-F3E8748D3651}"
EndProject
Global
	GlobalSection(SolutionConfigurationPlatforms) = preSolution
		Debug|Any CPU = Debug|Any CPU
		Release|Any CPU = Release|Any CPU
	EndGlobalSection
	GlobalSection(ProjectConfigurationPlatforms) = postSolution
		{3B1D50E6-04D4-4707-959C-F6612A189885}.Debug|Any CPU.ActiveCfg = Debug|Any CPU
		{3B1D50E6-04D4-4707-959C-F6612A189885}.Debug|Any CPU.Build.0 = Debug|Any CPU
		{3B1D50E6-04D4-4707-959C-F6612A189885}.Release|Any CPU.ActiveCfg = Release|Any CPU
		{3B1D50E6-04D4-4707-959C-F6612A189885}.Release|Any CPU.Build.0 = Release|Any CPU
		{7BB9C375-ABAF-4208-9FF9-9C8FA34498D8}.Debug|Any CPU.ActiveCfg = Debug|Any CPU
		{7BB9C375-ABAF-4208-9FF9-9C8FA34498D8}.Debug|Any CPU.Build.0 = Debug|Any CPU
		{7BB9C375-ABAF-4208-9FF9-9C8FA34498D8}.Release|Any CPU.ActiveCfg = Release|Any CPU
		{7BB9C375-ABAF-4208-9FF9-9C8FA34498D8}.Release|Any CPU.Build.0 = Release|Any CPU
		{FEB1EE59-65BB-44D1-9A6D-E433EA2D8894}.Debug|Any CPU.ActiveCfg = Debug|Any CPU
		{FEB1EE59-65BB-44D1-9A6D-E433EA2D8894}.Debug|Any CPU.Build.0 = Debug|Any CPU
		{FEB1EE59-65BB-44D1-9A6D-E433EA2D8894}.Release|Any CPU.ActiveCfg = Release|Any CPU
		{FEB1EE59-65BB-44D1-9A6D-E433EA2D8894}.Release|Any CPU.Build.0 = Release|Any CPU
		{4E45372B-3A67-496D-996D-52802DAF43B7}.Debug|Any CPU.ActiveCfg = Debug|Any CPU
		{4E45372B-3A67-496D-996D-52802DAF43B7}.Debug|Any CPU.Build.0 = Debug|Any CPU
		{4E45372B-3A67-496D-996D-52802DAF43B7}.Release|Any CPU.ActiveCfg = Release|Any CPU
		{4E45372B-3A67-496D-996D-52802DAF43B7}.Release|Any CPU.Build.0 = Release|Any CPU
		{95774552-B752-4924-ACFA-D208941D46E4}.Debug|Any CPU.ActiveCfg = Debug|Any CPU
		{95774552-B752-4924-ACFA-D208941D46E4}.Debug|Any CPU.Build.0 = Debug|Any CPU
		{95774552-B752-4924-ACFA-D208941D46E4}.Release|Any CPU.ActiveCfg = Release|Any CPU
		{95774552-B752-4924-ACFA-D208941D46E4}.Release|Any CPU.Build.0 = Release|Any CPU
		{CE4E2CFE-7C90-4484-A00B-F3E8748D3651}.Debug|Any CPU.ActiveCfg = Debug|Any CPU
		{CE4E2CFE-7C90-4484-A00B-F3E8748D3651}.Debug|Any CPU.Build.0 = Debug|Any CPU
		{CE4E2CFE-7C90-4484-A00B-F3E8748D3651}.Release|Any CPU.ActiveCfg = Release|Any CPU
		{CE4E2CFE-7C90-4484-A00B-F3E8748D3651}.Release|Any CPU.Build.0 = Release|Any CPU
	EndGlobalSection
	GlobalSection(SolutionProperties) = preSolution
		HideSolutionNode = FALSE
	EndGlobalSection
	GlobalSection(NestedProjects) = preSolution
		{3B1D50E6-04D4-4707-959C-F6612A189885} = {FB4D1A02-F6E8-4347-A448-7E8A2611E256}
		{7BB9C375-ABAF-4208-9FF9-9C8FA34498D8} = {FB4D1A02-F6E8-4347-A448-7E8A2611E256}
		{FEB1EE59-65BB-44D1-9A6D-E433EA2D8894} = {FB4D1A02-F6E8-4347-A448-7E8A2611E256}
		{4E45372B-3A67-496D-996D-52802DAF43B7} = {FB4D1A02-F6E8-4347-A448-7E8A2611E256}
		{95774552-B752-4924-ACFA-D208941D46E4} = {A32DD34E-AFBE-496A-BFB1-4E327B43D441}
		{54EEEFED-0CBA-40FC-A199-89B88ECBD82A} = {A85CBFB2-AA23-4DF5-B431-104BFB80A9B2}
		{CE4E2CFE-7C90-4484-A00B-F3E8748D3651} = {54EEEFED-0CBA-40FC-A199-89B88ECBD82A}
	EndGlobalSection
	GlobalSection(ExtensibilityGlobals) = postSolution
		SolutionGuid = {617A67BF-D169-440B-95BF-A741540C2CF2}
	EndGlobalSection
EndGlobal
